# THIS IS AN AUTOGENERATED FILE. DO NOT EDIT THIS FILE DIRECTLY.
# yarn lockfile v1


react-native-sound-player@^0.10.3:
  version "0.10.3"
  resolved "https://registry.yarnpkg.com/react-native-sound-player/-/react-native-sound-player-0.10.3.tgz#42f5c7c80d1d015dd89d01da8318a39900321f6f"
  integrity sha512-YiNpH58bDWJlpmlvwMnBAuqmZiikykn/8EfMD4ReF9qvGZe4haIVjZd40r0MleCn8BaxDhBj55w8Vnfy3qdBbQ==
